
Microsoft Visual Studio Solution File, Format Version 12.00
# Visual Studio Version 17
VisualStudioVersion = 17.9.34902.65
MinimumVisualStudioVersion = 10.0.40219.1
Project("{FAE04EC0-301F-11D3-BF4B-00C04F79EFBC}") = "server", "server\server.csproj", "{04F1C845-2E11-4150-B032-82EE3918BB2E}"
EndProject
Project("{FAE04EC0-301F-11D3-BF4B-00C04F79EFBC}") = "client", "client\client.csproj", "{375FC553-9EDC-4A4F-A367-6541E32811C4}"
EndProject
Project("{2150E333-8FDC-42A3-9474-1A3956D46DE8}") = "proto", "proto", "{9032B624-9D92-48BF-AA1F-2EC29A27BE58}"
	ProjectSection(SolutionItems) = preProject
		prime.proto = prime.proto
	EndProjectSection
EndProject
Global
	GlobalSection(SolutionConfigurationPlatforms) = preSolution
		Debug|Any CPU = Debug|Any CPU
		Release|Any CPU = Release|Any CPU
	EndGlobalSection
	GlobalSection(ProjectConfigurationPlatforms) = postSolution
		{04F1C845-2E11-4150-B032-82EE3918BB2E}.Debug|Any CPU.ActiveCfg = Debug|Any CPU
		{04F1C845-2E11-4150-B032-82EE3918BB2E}.Debug|Any CPU.Build.0 = Debug|Any CPU
		{04F1C845-2E11-4150-B032-82EE3918BB2E}.Release|Any CPU.ActiveCfg = Release|Any CPU
		{04F1C845-2E11-4150-B032-82EE3918BB2E}.Release|Any CPU.Build.0 = Release|Any CPU
		{375FC553-9EDC-4A4F-A367-6541E32811C4}.Debug|Any CPU.ActiveCfg = Debug|Any CPU
		{375FC553-9EDC-4A4F-A367-6541E32811C4}.Debug|Any CPU.Build.0 = Debug|Any CPU
		{375FC553-9EDC-4A4F-A367-6541E32811C4}.Release|Any CPU.ActiveCfg = Release|Any CPU
		{375FC553-9EDC-4A4F-A367-6541E32811C4}.Release|Any CPU.Build.0 = Release|Any CPU
	EndGlobalSection
	GlobalSection(SolutionProperties) = preSolution
		HideSolutionNode = FALSE
	EndGlobalSection
	GlobalSection(ExtensibilityGlobals) = postSolution
		SolutionGuid = {04B5BFD6-0738-4592-BF09-893A0D67B855}
	EndGlobalSection
EndGlobal
